
Microsoft Visual Studio Solution File, Format Version 11.00
# Visual Studio 2010
Project("{FAE04EC0-301F-11D3-BF4B-00C04F79EFBC}") = "NanUIFirst", "NanUIFirst\NanUIFirst.csproj", "{29517242-37FC-4AAB-8E44-FC6E1C8C1FB9}"
EndProject
Project("{FAE04EC0-301F-11D3-BF4B-00C04F79EFBC}") = "NanUI.Demo.Welcome", "NanUI.Demo.Welcome\NanUI.Demo.Welcome.csproj", "{9AE9DC04-415F-474F-8A8A-FE06CCAC94A9}"
EndProject
Project("{FAE04EC0-301F-11D3-BF4B-00C04F79EFBC}") = "NanUI.Demo.MarkdownDotNet", "NanUI.Demo.MarkdownDotNet\NanUI.Demo.MarkdownDotNet.csproj", "{4DCB3555-1643-4E2B-9EAC-2D7111534A2B}"
EndProject
Project("{FAE04EC0-301F-11D3-BF4B-00C04F79EFBC}") = "NanUI.Demo.CodeEditor", "NanUI.Demo.CodeEditor\NanUI.Demo.CodeEditor.csproj", "{B8C0E77E-EAE5-4CA3-98B2-D90235631ECC}"
EndProject
Project("{FAE04EC0-301F-11D3-BF4B-00C04F79EFBC}") = "NanUI.Demo.CodeEditor.Resources", "NanUI.Demo.CodeEditor.Resources\NanUI.Demo.CodeEditor.Resources.csproj", "{E1156D1B-F07A-452A-B4F0-6C492F6B0B40}"
EndProject
Project("{FAE04EC0-301F-11D3-BF4B-00C04F79EFBC}") = "NanUI.Demo.WidgetWindow", "NanUI.Demo.WidgetWindow\NanUI.Demo.WidgetWindow.csproj", "{66BA63F0-2A45-4783-BD57-FC8BE7D6CFEC}"
EndProject
Project("{FAE04EC0-301F-11D3-BF4B-00C04F79EFBC}") = "NetDimension.NanUI", "NetDimension.NanUI\NetDimension.NanUI.csproj", "{F08BB3EC-8BD4-4AF0-AC3F-49AF44917324}"
EndProject
Global
	GlobalSection(SolutionConfigurationPlatforms) = preSolution
		Debug|Any CPU = Debug|Any CPU
		Debug|x86 = Debug|x86
		Release|Any CPU = Release|Any CPU
		Release|x86 = Release|x86
	EndGlobalSection
	GlobalSection(ProjectConfigurationPlatforms) = postSolution
		{29517242-37FC-4AAB-8E44-FC6E1C8C1FB9}.Debug|Any CPU.ActiveCfg = Debug|Any CPU
		{29517242-37FC-4AAB-8E44-FC6E1C8C1FB9}.Debug|Any CPU.Build.0 = Debug|Any CPU
		{29517242-37FC-4AAB-8E44-FC6E1C8C1FB9}.Debug|x86.ActiveCfg = Debug|Any CPU
		{29517242-37FC-4AAB-8E44-FC6E1C8C1FB9}.Release|Any CPU.ActiveCfg = Release|Any CPU
		{29517242-37FC-4AAB-8E44-FC6E1C8C1FB9}.Release|Any CPU.Build.0 = Release|Any CPU
		{29517242-37FC-4AAB-8E44-FC6E1C8C1FB9}.Release|x86.ActiveCfg = Release|Any CPU
		{9AE9DC04-415F-474F-8A8A-FE06CCAC94A9}.Debug|Any CPU.ActiveCfg = Debug|Any CPU
		{9AE9DC04-415F-474F-8A8A-FE06CCAC94A9}.Debug|Any CPU.Build.0 = Debug|Any CPU
		{9AE9DC04-415F-474F-8A8A-FE06CCAC94A9}.Debug|x86.ActiveCfg = Debug|x86
		{9AE9DC04-415F-474F-8A8A-FE06CCAC94A9}.Debug|x86.Build.0 = Debug|x86
		{9AE9DC04-415F-474F-8A8A-FE06CCAC94A9}.Release|Any CPU.ActiveCfg = Release|Any CPU
		{9AE9DC04-415F-474F-8A8A-FE06CCAC94A9}.Release|Any CPU.Build.0 = Release|Any CPU
		{9AE9DC04-415F-474F-8A8A-FE06CCAC94A9}.Release|x86.ActiveCfg = Release|x86
		{9AE9DC04-415F-474F-8A8A-FE06CCAC94A9}.Release|x86.Build.0 = Release|x86
		{4DCB3555-1643-4E2B-9EAC-2D7111534A2B}.Debug|Any CPU.ActiveCfg = Debug|Any CPU
		{4DCB3555-1643-4E2B-9EAC-2D7111534A2B}.Debug|Any CPU.Build.0 = Debug|Any CPU
		{4DCB3555-1643-4E2B-9EAC-2D7111534A2B}.Debug|x86.ActiveCfg = Debug|x86
		{4DCB3555-1643-4E2B-9EAC-2D7111534A2B}.Debug|x86.Build.0 = Debug|x86
		{4DCB3555-1643-4E2B-9EAC-2D7111534A2B}.Release|Any CPU.ActiveCfg = Release|Any CPU
		{4DCB3555-1643-4E2B-9EAC-2D7111534A2B}.Release|Any CPU.Build.0 = Release|Any CPU
		{4DCB3555-1643-4E2B-9EAC-2D7111534A2B}.Release|x86.ActiveCfg = Release|x86
		{4DCB3555-1643-4E2B-9EAC-2D7111534A2B}.Release|x86.Build.0 = Release|x86
		{B8C0E77E-EAE5-4CA3-98B2-D90235631ECC}.Debug|Any CPU.ActiveCfg = Debug|Any CPU
		{B8C0E77E-EAE5-4CA3-98B2-D90235631ECC}.Debug|Any CPU.Build.0 = Debug|Any CPU
		{B8C0E77E-EAE5-4CA3-98B2-D90235631ECC}.Debug|x86.ActiveCfg = Debug|x86
		{B8C0E77E-EAE5-4CA3-98B2-D90235631ECC}.Debug|x86.Build.0 = Debug|x86
		{B8C0E77E-EAE5-4CA3-98B2-D90235631ECC}.Release|Any CPU.ActiveCfg = Release|Any CPU
		{B8C0E77E-EAE5-4CA3-98B2-D90235631ECC}.Release|Any CPU.Build.0 = Release|Any CPU
		{B8C0E77E-EAE5-4CA3-98B2-D90235631ECC}.Release|x86.ActiveCfg = Release|x86
		{B8C0E77E-EAE5-4CA3-98B2-D90235631ECC}.Release|x86.Build.0 = Release|x86
		{E1156D1B-F07A-452A-B4F0-6C492F6B0B40}.Debug|Any CPU.ActiveCfg = Debug|Any CPU
		{E1156D1B-F07A-452A-B4F0-6C492F6B0B40}.Debug|Any CPU.Build.0 = Debug|Any CPU
		{E1156D1B-F07A-452A-B4F0-6C492F6B0B40}.Debug|x86.ActiveCfg = Debug|x86
		{E1156D1B-F07A-452A-B4F0-6C492F6B0B40}.Debug|x86.Build.0 = Debug|x86
		{E1156D1B-F07A-452A-B4F0-6C492F6B0B40}.Release|Any CPU.ActiveCfg = Release|Any CPU
		{E1156D1B-F07A-452A-B4F0-6C492F6B0B40}.Release|Any CPU.Build.0 = Release|Any CPU
		{E1156D1B-F07A-452A-B4F0-6C492F6B0B40}.Release|x86.ActiveCfg = Release|x86
		{E1156D1B-F07A-452A-B4F0-6C492F6B0B40}.Release|x86.Build.0 = Release|x86
		{66BA63F0-2A45-4783-BD57-FC8BE7D6CFEC}.Debug|Any CPU.ActiveCfg = Debug|Any CPU
		{66BA63F0-2A45-4783-BD57-FC8BE7D6CFEC}.Debug|Any CPU.Build.0 = Debug|Any CPU
		{66BA63F0-2A45-4783-BD57-FC8BE7D6CFEC}.Debug|x86.ActiveCfg = Debug|x86
		{66BA63F0-2A45-4783-BD57-FC8BE7D6CFEC}.Debug|x86.Build.0 = Debug|x86
		{66BA63F0-2A45-4783-BD57-FC8BE7D6CFEC}.Release|Any CPU.ActiveCfg = Release|Any CPU
		{66BA63F0-2A45-4783-BD57-FC8BE7D6CFEC}.Release|Any CPU.Build.0 = Release|Any CPU
		{66BA63F0-2A45-4783-BD57-FC8BE7D6CFEC}.Release|x86.ActiveCfg = Release|x86
		{66BA63F0-2A45-4783-BD57-FC8BE7D6CFEC}.Release|x86.Build.0 = Release|x86
		{F08BB3EC-8BD4-4AF0-AC3F-49AF44917324}.Debug|Any CPU.ActiveCfg = Debug|Any CPU
		{F08BB3EC-8BD4-4AF0-AC3F-49AF44917324}.Debug|Any CPU.Build.0 = Debug|Any CPU
		{F08BB3EC-8BD4-4AF0-AC3F-49AF44917324}.Debug|x86.ActiveCfg = Debug|x86
		{F08BB3EC-8BD4-4AF0-AC3F-49AF44917324}.Debug|x86.Build.0 = Debug|x86
		{F08BB3EC-8BD4-4AF0-AC3F-49AF44917324}.Release|Any CPU.ActiveCfg = Release|Any CPU
		{F08BB3EC-8BD4-4AF0-AC3F-49AF44917324}.Release|Any CPU.Build.0 = Release|Any CPU
		{F08BB3EC-8BD4-4AF0-AC3F-49AF44917324}.Release|x86.ActiveCfg = Release|x86
		{F08BB3EC-8BD4-4AF0-AC3F-49AF44917324}.Release|x86.Build.0 = Release|x86
	EndGlobalSection
	GlobalSection(SolutionProperties) = preSolution
		HideSolutionNode = FALSE
	EndGlobalSection
EndGlobal
